
Microsoft Visual Studio Solution File, Format Version 12.00
# Visual Studio Version 17
VisualStudioVersion = 17.0.31903.59
MinimumVisualStudioVersion = 10.0.40219.1
Project("{FAE04EC0-301F-11D3-BF4B-00C04F79EFBC}") = "Task0", "Task0\Task0.csproj", "{29B73ABF-C532-4627-BC02-62533A7E2053}"
EndProject
Project("{FAE04EC0-301F-11D3-BF4B-00C04F79EFBC}") = "Task1", "Task1\Task1.csproj", "{6CA87D05-C8E1-499E-A4A8-4CF62E3E5AB4}"
EndProject
Project("{FAE04EC0-301F-11D3-BF4B-00C04F79EFBC}") = "Task2", "Task2\Task2.csproj", "{1D5FA3A5-77A9-49CA-976F-0E22A8ECE4E4}"
EndProject
Project("{FAE04EC0-301F-11D3-BF4B-00C04F79EFBC}") = "Task3", "Task3\Task3.csproj", "{2D60C537-33F6-4EDC-99BA-8BC8F7A2EB6F}"
EndProject
Project("{FAE04EC0-301F-11D3-BF4B-00C04F79EFBC}") = "Task4", "Task4\Task4.csproj", "{D734649A-E01E-4C84-AD33-0CF6CE977813}"
EndProject
Global
	GlobalSection(SolutionConfigurationPlatforms) = preSolution
		Debug|Any CPU = Debug|Any CPU
		Release|Any CPU = Release|Any CPU
	EndGlobalSection
	GlobalSection(SolutionProperties) = preSolution
		HideSolutionNode = FALSE
	EndGlobalSection
	GlobalSection(ProjectConfigurationPlatforms) = postSolution
		{29B73ABF-C532-4627-BC02-62533A7E2053}.Debug|Any CPU.ActiveCfg = Debug|Any CPU
		{29B73ABF-C532-4627-BC02-62533A7E2053}.Debug|Any CPU.Build.0 = Debug|Any CPU
		{29B73ABF-C532-4627-BC02-62533A7E2053}.Release|Any CPU.ActiveCfg = Release|Any CPU
		{29B73ABF-C532-4627-BC02-62533A7E2053}.Release|Any CPU.Build.0 = Release|Any CPU
		{6CA87D05-C8E1-499E-A4A8-4CF62E3E5AB4}.Debug|Any CPU.ActiveCfg = Debug|Any CPU
		{6CA87D05-C8E1-499E-A4A8-4CF62E3E5AB4}.Debug|Any CPU.Build.0 = Debug|Any CPU
		{6CA87D05-C8E1-499E-A4A8-4CF62E3E5AB4}.Release|Any CPU.ActiveCfg = Release|Any CPU
		{6CA87D05-C8E1-499E-A4A8-4CF62E3E5AB4}.Release|Any CPU.Build.0 = Release|Any CPU
		{1D5FA3A5-77A9-49CA-976F-0E22A8ECE4E4}.Debug|Any CPU.ActiveCfg = Debug|Any CPU
		{1D5FA3A5-77A9-49CA-976F-0E22A8ECE4E4}.Debug|Any CPU.Build.0 = Debug|Any CPU
		{1D5FA3A5-77A9-49CA-976F-0E22A8ECE4E4}.Release|Any CPU.ActiveCfg = Release|Any CPU
		{1D5FA3A5-77A9-49CA-976F-0E22A8ECE4E4}.Release|Any CPU.Build.0 = Release|Any CPU
		{2D60C537-33F6-4EDC-99BA-8BC8F7A2EB6F}.Debug|Any CPU.ActiveCfg = Debug|Any CPU
		{2D60C537-33F6-4EDC-99BA-8BC8F7A2EB6F}.Debug|Any CPU.Build.0 = Debug|Any CPU
		{2D60C537-33F6-4EDC-99BA-8BC8F7A2EB6F}.Release|Any CPU.ActiveCfg = Release|Any CPU
		{2D60C537-33F6-4EDC-99BA-8BC8F7A2EB6F}.Release|Any CPU.Build.0 = Release|Any CPU
		{D734649A-E01E-4C84-AD33-0CF6CE977813}.Debug|Any CPU.ActiveCfg = Debug|Any CPU
		{D734649A-E01E-4C84-AD33-0CF6CE977813}.Debug|Any CPU.Build.0 = Debug|Any CPU
		{D734649A-E01E-4C84-AD33-0CF6CE977813}.Release|Any CPU.ActiveCfg = Release|Any CPU
		{D734649A-E01E-4C84-AD33-0CF6CE977813}.Release|Any CPU.Build.0 = Release|Any CPU
	EndGlobalSection
EndGlobal
